{
  "name": "passport-wsfed-saml2",
  "version": "3.0.13",
  "lockfileVersion": 1,
  "requires": true,
  "dependencies": {
    "assertion-error": {
      "version": "1.0.0",
      "resolved": "https://registry.npmjs.org/assertion-error/-/assertion-error-1.0.0.tgz",
      "integrity": "sha1-x/hUOP3UZrx8oWq5DIFRN5el0js=",
      "dev": true
    },
    "async": {
      "version": "2.6.1",
      "resolved": "https://registry.npmjs.org/async/-/async-2.6.1.tgz",
      "integrity": "sha512-fNEiL2+AZt6AlAw/29Cr0UDe4sRAHCpEHh54WMz+Bb7QfNcFw4h3loofyJpLeQs4Yx7yuqu/2dLgM5hKOs6HlQ==",
      "requires": {
        "lodash": "^4.17.10"
      }
    },
    "boolbase": {
      "version": "1.0.0",
      "resolved": "https://registry.npmjs.org/boolbase/-/boolbase-1.0.0.tgz",
      "integrity": "sha1-aN/1++YMUes3cl6p4+0xDcwed24=",
      "dev": true
    },
    "boom": {
      "version": "0.4.2",
      "resolved": "https://registry.npmjs.org/boom/-/boom-0.4.2.tgz",
      "integrity": "sha1-emNune1O/O+xnO9JR6PGffrukRs=",
      "requires": {
        "hoek": "0.9.x"
      }
    },
    "buffer-crc32": {
      "version": "0.2.13",
      "resolved": "https://registry.npmjs.org/buffer-crc32/-/buffer-crc32-0.2.13.tgz",
      "integrity": "sha1-DTM+PwDqxQqhRUq9MO+MKl2ackI=",
      "dev": true
    },
    "buffer-equal-constant-time": {
      "version": "1.0.1",
      "resolved": "https://registry.npmjs.org/buffer-equal-constant-time/-/buffer-equal-constant-time-1.0.1.tgz",
      "integrity": "sha1-+OcRMvf/5uAaXJaXpMbz5I1cyBk="
    },
    "bytes": {
      "version": "0.2.0",
      "resolved": "https://registry.npmjs.org/bytes/-/bytes-0.2.0.tgz",
      "integrity": "sha1-qtM+wU49wsp06OfUUfm6BTrU96A=",
      "dev": true
    },
    "chai": {
      "version": "2.3.0",
      "resolved": "https://registry.npmjs.org/chai/-/chai-2.3.0.tgz",
      "integrity": "sha1-ii9qNHSNqAEJD9cyh7Kqc5pOkJo=",
      "dev": true,
      "requires": {
        "assertion-error": "1.0.0",
        "deep-eql": "0.1.3"
      }
    },
    "chai-passport-strategy": {
      "version": "1.0.1",
      "resolved": "https://registry.npmjs.org/chai-passport-strategy/-/chai-passport-strategy-1.0.1.tgz",
      "integrity": "sha1-2rGASPbqeG7JjLlNS3nAxi/z8gQ=",
      "dev": true
    },
    "cheerio": {
      "version": "0.19.0",
      "resolved": "https://registry.npmjs.org/cheerio/-/cheerio-0.19.0.tgz",
      "integrity": "sha1-dy5wFfLuKZZQltcepBdbdas1SSU=",
      "dev": true,
      "requires": {
        "css-select": "~1.0.0",
        "dom-serializer": "~0.1.0",
        "entities": "~1.1.1",
        "htmlparser2": "~3.8.1",
        "lodash": "^3.2.0"
      },
      "dependencies": {
        "lodash": {
          "version": "3.10.1",
          "resolved": "http://registry.npmjs.org/lodash/-/lodash-3.10.1.tgz",
          "integrity": "sha1-W/Rejkm6QYnhfUgnid/RW9FAt7Y=",
          "dev": true
        }
      }
    },
    "commander": {
      "version": "0.6.1",
      "resolved": "https://registry.npmjs.org/commander/-/commander-0.6.1.tgz",
      "integrity": "sha1-+mihT2qUXVTbvlDYzbMyDp47GgY=",
      "dev": true
    },
    "connect": {
      "version": "2.7.5",
      "resolved": "https://registry.npmjs.org/connect/-/connect-2.7.5.tgz",
      "integrity": "sha1-E5ERtLA/BTOlJJJ6iKZGrkZ7LAI=",
      "dev": true,
      "requires": {
        "buffer-crc32": "0.1.1",
        "bytes": "0.2.0",
        "cookie": "0.0.5",
        "cookie-signature": "1.0.0",
        "debug": "*",
        "formidable": "1.0.11",
        "fresh": "0.1.0",
        "pause": "0.0.1",
        "qs": "0.5.1",
        "send": "0.1.0"
      },
      "dependencies": {
        "buffer-crc32": {
          "version": "0.1.1",
          "resolved": "https://registry.npmjs.org/buffer-crc32/-/buffer-crc32-0.1.1.tgz",
          "integrity": "sha1-fhENyZU5CKt8MqzccMn5RbHLxSY=",
          "dev": true
        }
      }
    },
    "cookie": {
      "version": "0.0.5",
      "resolved": "https://registry.npmjs.org/cookie/-/cookie-0.0.5.tgz",
      "integrity": "sha1-+az521frdWjJ/MWWJWt7si4wfIE=",
      "dev": true
    },
    "cookie-signature": {
      "version": "1.0.0",
      "resolved": "https://registry.npmjs.org/cookie-signature/-/cookie-signature-1.0.0.tgz",
      "integrity": "sha1-AETzMqxiPfhRyRTojqzFfwyXBP4=",
      "dev": true
    },
    "core-util-is": {
      "version": "1.0.2",
      "resolved": "https://registry.npmjs.org/core-util-is/-/core-util-is-1.0.2.tgz",
      "integrity": "sha1-tf1UIgqivFq1eqtxQMlAdUUDwac=",
      "dev": true
    },
    "cryptiles": {
      "version": "0.2.2",
      "resolved": "https://registry.npmjs.org/cryptiles/-/cryptiles-0.2.2.tgz",
      "integrity": "sha1-7ZH/HxetE9N0gohZT4pIoNJvMlw=",
      "requires": {
        "boom": "0.4.x"
      }
    },
    "css-select": {
      "version": "1.0.0",
      "resolved": "https://registry.npmjs.org/css-select/-/css-select-1.0.0.tgz",
      "integrity": "sha1-sRIcpRhI3SZOIkTQWM7iVN7rRLA=",
      "dev": true,
      "requires": {
        "boolbase": "~1.0.0",
        "css-what": "1.0",
        "domutils": "1.4",
        "nth-check": "~1.0.0"
      }
    },
    "css-what": {
      "version": "1.0.0",
      "resolved": "https://registry.npmjs.org/css-what/-/css-what-1.0.0.tgz",
      "integrity": "sha1-18wt9FGAZm+Z0rFEYmOUaeAPc2w=",
      "dev": true
    },
    "debug": {
      "version": "3.1.0",
      "resolved": "https://registry.npmjs.org/debug/-/debug-3.1.0.tgz",
      "integrity": "sha512-OX8XqP7/1a9cqkxYw2yXss15f26NKWBpDXQd0/uK/KPqdQhxbPa994hnzjcE2VqQpDslf55723cKPUOGSmMY3g==",
      "dev": true,
      "requires": {
        "ms": "2.0.0"
      }
    },
    "deep-eql": {
      "version": "0.1.3",
      "resolved": "https://registry.npmjs.org/deep-eql/-/deep-eql-0.1.3.tgz",
      "integrity": "sha1-71WKyrjeJSBs1xOQbXTlaTDrafI=",
      "dev": true,
      "requires": {
        "type-detect": "0.1.1"
      }
    },
    "diff": {
      "version": "1.0.2",
      "resolved": "https://registry.npmjs.org/diff/-/diff-1.0.2.tgz",
      "integrity": "sha1-Suc/Gu6Nb89ITxoc53zmUdm38Mk=",
      "dev": true
    },
    "dom-serializer": {
      "version": "0.1.0",
      "resolved": "https://registry.npmjs.org/dom-serializer/-/dom-serializer-0.1.0.tgz",
      "integrity": "sha1-BzxpdUbOB4DOI75KKOKT5AvDDII=",
      "dev": true,
      "requires": {
        "domelementtype": "~1.1.1",
        "entities": "~1.1.1"
      },
      "dependencies": {
        "domelementtype": {
          "version": "1.1.3",
          "resolved": "https://registry.npmjs.org/domelementtype/-/domelementtype-1.1.3.tgz",
          "integrity": "sha1-vSh3PiZCiBrsUVRJJCmcXNgiGFs=",
          "dev": true
        }
      }
    },
    "domelementtype": {
      "version": "1.3.0",
      "resolved": "https://registry.npmjs.org/domelementtype/-/domelementtype-1.3.0.tgz",
      "integrity": "sha1-sXrtguirWeUt2cGbF1bg/BhyBMI=",
      "dev": true
    },
    "domhandler": {
      "version": "2.3.0",
      "resolved": "https://registry.npmjs.org/domhandler/-/domhandler-2.3.0.tgz",
      "integrity": "sha1-LeWaCCLVAn+r/28DLCsloqir5zg=",
      "dev": true,
      "requires": {
        "domelementtype": "1"
      }
    },
    "domutils": {
      "version": "1.4.3",
      "resolved": "https://registry.npmjs.org/domutils/-/domutils-1.4.3.tgz",
      "integrity": "sha1-CGVRN5bGswYDGFDhdVFrr4C3Km8=",
      "dev": true,
      "requires": {
        "domelementtype": "1"
      }
    },
    "ecdsa-sig-formatter": {
      "version": "1.0.10",
      "resolved": "https://registry.npmjs.org/ecdsa-sig-formatter/-/ecdsa-sig-formatter-1.0.10.tgz",
      "integrity": "sha1-HFlQAPBKiJffuFAAiSoPTDOvhsM=",
      "requires": {
        "safe-buffer": "^5.0.1"
      }
    },
    "ejs": {
      "version": "2.5.5",
      "resolved": "https://registry.npmjs.org/ejs/-/ejs-2.5.5.tgz",
      "integrity": "sha1-bvTpVOp9z1T2aq0v56pCGTLZ7Xc="
    },
    "entities": {
      "version": "1.1.1",
      "resolved": "https://registry.npmjs.org/entities/-/entities-1.1.1.tgz",
      "integrity": "sha1-blwtClYhtdra7O+AuQ7ftc13cvA=",
      "dev": true
    },
    "express": {
      "version": "3.1.2",
      "resolved": "https://registry.npmjs.org/express/-/express-3.1.2.tgz",
      "integrity": "sha1-UqAsjbjyK7+g10eNhHzUUWH5hfc=",
      "dev": true,
      "requires": {
        "buffer-crc32": "~0.2.1",
        "commander": "0.6.1",
        "connect": "2.7.5",
        "cookie": "0.0.5",
        "cookie-signature": "1.0.0",
        "debug": "*",
        "fresh": "0.1.0",
        "methods": "0.0.1",
        "mkdirp": "~0.3.4",
        "range-parser": "0.0.4",
        "send": "0.1.0"
      }
    },
    "foreach": {
      "version": "2.0.5",
      "resolved": "https://registry.npmjs.org/foreach/-/foreach-2.0.5.tgz",
      "integrity": "sha1-C+4AUBiusmDQo6865ljdATbsG5k="
    },
    "formidable": {
      "version": "1.0.11",
      "resolved": "https://registry.npmjs.org/formidable/-/formidable-1.0.11.tgz",
      "integrity": "sha1-aPYzJaA15kS297s9ESQ7l2HeGzA=",
      "dev": true
    },
    "fresh": {
      "version": "0.1.0",
      "resolved": "https://registry.npmjs.org/fresh/-/fresh-0.1.0.tgz",
      "integrity": "sha1-A+SwF4Qk5MLV0ZpU2IFM3JeTSFA=",
      "dev": true
    },
    "growl": {
      "version": "1.7.0",
      "resolved": "https://registry.npmjs.org/growl/-/growl-1.7.0.tgz",
      "integrity": "sha1-3i1mE20ALhErpw8/EMMc98NQsto=",
      "dev": true
    },
    "hoek": {
      "version": "0.9.1",
      "resolved": "https://registry.npmjs.org/hoek/-/hoek-0.9.1.tgz",
      "integrity": "sha1-PTIkYrrfB3Fup+uFuviAec3c5QU="
    },
    "htmlparser2": {
      "version": "3.8.3",
      "resolved": "https://registry.npmjs.org/htmlparser2/-/htmlparser2-3.8.3.tgz",
      "integrity": "sha1-mWwosZFRaovoZQGn15dX5ccMEGg=",
      "dev": true,
      "requires": {
        "domelementtype": "1",
        "domhandler": "2.3",
        "domutils": "1.5",
        "entities": "1.0",
        "readable-stream": "1.1"
      },
      "dependencies": {
        "domutils": {
          "version": "1.5.1",
          "resolved": "https://registry.npmjs.org/domutils/-/domutils-1.5.1.tgz",
          "integrity": "sha1-3NhIiib1Y9YQeeSMn3t+Mjc2gs8=",
          "dev": true,
          "requires": {
            "dom-serializer": "0",
            "domelementtype": "1"
          }
        },
        "entities": {
          "version": "1.0.0",
          "resolved": "https://registry.npmjs.org/entities/-/entities-1.0.0.tgz",
          "integrity": "sha1-sph6o4ITR/zeZCsk/fyeT7cSvyY=",
          "dev": true
        }
      }
    },
    "indexof": {
      "version": "0.0.1",
      "resolved": "https://registry.npmjs.org/indexof/-/indexof-0.0.1.tgz",
      "integrity": "sha1-gtwzbSMrkGIXnQWrMpOmYFn9Q10="
    },
    "inherits": {
      "version": "2.0.3",
      "resolved": "https://registry.npmjs.org/inherits/-/inherits-2.0.3.tgz",
      "integrity": "sha1-Yzwsg+PaQqUC9SRmAiSA9CCCYd4=",
      "dev": true
    },
    "is": {
      "version": "0.2.7",
      "resolved": "https://registry.npmjs.org/is/-/is-0.2.7.tgz",
      "integrity": "sha1-OzSixI81mXLzUEKEkZOucmS2NWI="
    },
    "is-object": {
      "version": "0.1.2",
      "resolved": "https://registry.npmjs.org/is-object/-/is-object-0.1.2.tgz",
      "integrity": "sha1-AO+8CIFsM8/ErIJR0TLhDcZQmNc="
    },
    "isarray": {
      "version": "0.0.1",
      "resolved": "https://registry.npmjs.org/isarray/-/isarray-0.0.1.tgz",
      "integrity": "sha1-ihis/Kmo9Bd+Cav8YDiTmwXR7t8=",
      "dev": true
    },
    "jade": {
      "version": "0.26.3",
      "resolved": "https://registry.npmjs.org/jade/-/jade-0.26.3.tgz",
      "integrity": "sha1-jxDXl32NefL2/4YqgbBRPMslaGw=",
      "dev": true,
      "requires": {
        "commander": "0.6.1",
        "mkdirp": "0.3.0"
      },
      "dependencies": {
        "mkdirp": {
          "version": "0.3.0",
          "resolved": "http://registry.npmjs.org/mkdirp/-/mkdirp-0.3.0.tgz",
          "integrity": "sha1-G79asbqCevI1dRQ0kEJkVfSB/h4=",
          "dev": true
        }
      }
    },
    "jsonwebtoken": {
      "version": "5.0.5",
      "resolved": "https://registry.npmjs.org/jsonwebtoken/-/jsonwebtoken-5.0.5.tgz",
      "integrity": "sha1-ZZLMBe4D3VrZ4DqRCRGk2nmv4Pg=",
      "requires": {
        "jws": "^3.0.0"
      }
    },
    "jwa": {
      "version": "1.1.6",
      "resolved": "https://registry.npmjs.org/jwa/-/jwa-1.1.6.tgz",
      "integrity": "sha512-tBO/cf++BUsJkYql/kBbJroKOgHWEigTKBAjjBEmrMGYd1QMBC74Hr4Wo2zCZw6ZrVhlJPvoMrkcOnlWR/DJfw==",
      "requires": {
        "buffer-equal-constant-time": "1.0.1",
        "ecdsa-sig-formatter": "1.0.10",
        "safe-buffer": "^5.0.1"
      }
    },
    "jws": {
      "version": "3.1.5",
      "resolved": "https://registry.npmjs.org/jws/-/jws-3.1.5.tgz",
      "integrity": "sha512-GsCSexFADNQUr8T5HPJvayTjvPIfoyJPtLQBwn5a4WZQchcrPMPMAWcC1AzJVRDKyD6ZPROPAxgv6rfHViO4uQ==",
      "requires": {
        "jwa": "^1.1.5",
        "safe-buffer": "^5.0.1"
      }
    },
    "lodash": {
      "version": "4.17.10",
      "resolved": "https://registry.npmjs.org/lodash/-/lodash-4.17.10.tgz",
      "integrity": "sha512-UejweD1pDoXu+AD825lWwp4ZGtSwgnpZxb3JDViD7StjQz+Nb/6l093lx4OQ0foGWNRoc19mWy7BzL+UAK2iVg=="
    },
    "methods": {
      "version": "0.0.1",
      "resolved": "https://registry.npmjs.org/methods/-/methods-0.0.1.tgz",
      "integrity": "sha1-J3yQ+L7zlwlkWoNxxRw7bGSOBow=",
      "dev": true
    },
    "mime": {
      "version": "1.2.6",
      "resolved": "https://registry.npmjs.org/mime/-/mime-1.2.6.tgz",
      "integrity": "sha1-sfhsdowCX6h7SAdfFwnyiuryA2U=",
      "dev": true
    },
    "mkdirp": {
      "version": "0.3.5",
      "resolved": "http://registry.npmjs.org/mkdirp/-/mkdirp-0.3.5.tgz",
      "integrity": "sha1-3j5fiWHIjHh+4TaN+EmsRBPsqNc=",
      "dev": true
    },
    "mocha": {
      "version": "1.8.2",
      "resolved": "http://registry.npmjs.org/mocha/-/mocha-1.8.2.tgz",
      "integrity": "sha1-+2sdB9mPLrpBhUaETDvgcx9145A=",
      "dev": true,
      "requires": {
        "commander": "0.6.1",
        "debug": "*",
        "diff": "1.0.2",
        "growl": "1.7.x",
        "jade": "0.26.3",
        "mkdirp": "0.3.3",
        "ms": "0.3.0"
      },
      "dependencies": {
        "mkdirp": {
          "version": "0.3.3",
          "resolved": "http://registry.npmjs.org/mkdirp/-/mkdirp-0.3.3.tgz",
          "integrity": "sha1-WV4lHBNww6aLqyE20ONIuBBa3xM=",
          "dev": true
        },
        "ms": {
          "version": "0.3.0",
          "resolved": "https://registry.npmjs.org/ms/-/ms-0.3.0.tgz",
          "integrity": "sha1-A+3DSNYT5mpWSGz9rFO8vomcvWE=",
          "dev": true
        }
      }
    },
    "moment": {
      "version": "1.7.2",
      "resolved": "http://registry.npmjs.org/moment/-/moment-1.7.2.tgz",
      "integrity": "sha1-5mvjRL4unsHRLx4WqMpJv2NBf08=",
      "dev": true
    },
    "ms": {
      "version": "2.0.0",
      "resolved": "https://registry.npmjs.org/ms/-/ms-2.0.0.tgz",
      "integrity": "sha1-VgiurfwAvmwpAd9fmGF4jeDVl8g=",
      "dev": true
    },
    "nan": {
      "version": "2.2.0",
      "resolved": "http://registry.npmjs.org/nan/-/nan-2.2.0.tgz",
      "integrity": "sha1-d5wHE1YpUDz2p7fmqrMwSbPDhTw="
    },
    "node-forge": {
      "version": "0.7.6",
      "resolved": "https://registry.npmjs.org/node-forge/-/node-forge-0.7.6.tgz",
      "integrity": "sha512-sol30LUpz1jQFBjOKwbjxijiE3b6pjd74YwfD0fJOKPjF+fONKb2Yg8rYgS6+bK6VDl+/wfr4IYpC7jDzLUIfw=="
    },
    "nth-check": {
      "version": "1.0.1",
      "resolved": "https://registry.npmjs.org/nth-check/-/nth-check-1.0.1.tgz",
      "integrity": "sha1-mSms32KPwsQQmN6rgqxYDPFJquQ=",
      "dev": true,
      "requires": {
        "boolbase": "~1.0.0"
      }
    },
    "object-keys": {
      "version": "0.2.0",
      "resolved": "https://registry.npmjs.org/object-keys/-/object-keys-0.2.0.tgz",
      "integrity": "sha1-zd7AKZiwkb5CvxA1rjLknxy26mc=",
      "requires": {
        "foreach": "~2.0.1",
        "indexof": "~0.0.1",
        "is": "~0.2.6"
      }
    },
    "passport": {
      "version": "0.3.2",
      "resolved": "https://registry.npmjs.org/passport/-/passport-0.3.2.tgz",
      "integrity": "sha1-ndAJ+RXo/glbASSgG4+C2gdRAQI=",
      "dev": true,
      "requires": {
        "passport-strategy": "1.x.x",
        "pause": "0.0.1"
      }
    },
    "passport-strategy": {
      "version": "1.0.0",
      "resolved": "https://registry.npmjs.org/passport-strategy/-/passport-strategy-1.0.0.tgz",
      "integrity": "sha1-tVOaqPwiWj0a0XlHbd8ja0QPUuQ="
    },
    "pause": {
      "version": "0.0.1",
      "resolved": "https://registry.npmjs.org/pause/-/pause-0.0.1.tgz",
      "integrity": "sha1-HUCLP9t2kjuVQ9lvtMnf1TXZy10=",
      "dev": true
    },
    "qs": {
      "version": "0.5.1",
      "resolved": "https://registry.npmjs.org/qs/-/qs-0.5.1.tgz",
      "integrity": "sha1-n2v12axsdjhOldNtFbSJgOXkrdA=",
      "dev": true
    },
    "range-parser": {
      "version": "0.0.4",
      "resolved": "https://registry.npmjs.org/range-parser/-/range-parser-0.0.4.tgz",
      "integrity": "sha1-wEJ//vUcEKy6B4KkbJYC50T/Ygs=",
      "dev": true
    },
    "readable-stream": {
      "version": "1.1.14",
      "resolved": "https://registry.npmjs.org/readable-stream/-/readable-stream-1.1.14.tgz",
      "integrity": "sha1-fPTFTvZI44EwhMY23SB54WbAgdk=",
      "dev": true,
      "requires": {
        "core-util-is": "~1.0.0",
        "inherits": "~2.0.1",
        "isarray": "0.0.1",
        "string_decoder": "~0.10.x"
      }
    },
    "request": {
      "version": "2.14.0",
      "resolved": "http://registry.npmjs.org/request/-/request-2.14.0.tgz",
      "integrity": "sha1-DYrLsLFMGrguAAt9OB+oyA0afYg=",
      "dev": true,
      "requires": {
        "form-data": "~0.0.3",
        "mime": "~1.2.7"
      },
      "dependencies": {
        "form-data": {
          "version": "0.0.7",
          "bundled": true,
          "dev": true,
          "requires": {
            "async": "~0.1.9",
            "combined-stream": "~0.0.4",
            "mime": "~1.2.2"
          },
          "dependencies": {
            "async": {
              "version": "0.1.22",
              "bundled": true,
              "dev": true
            },
            "combined-stream": {
              "version": "0.0.4",
              "bundled": true,
              "dev": true,
              "requires": {
                "delayed-stream": "0.0.5"
              },
              "dependencies": {
                "delayed-stream": {
                  "version": "0.0.5",
                  "bundled": true,
                  "dev": true
                }
              }
            }
          }
        },
        "mime": {
          "version": "1.2.9",
          "bundled": true,
          "dev": true
        }
      }
    },
    "safe-buffer": {
      "version": "5.1.2",
      "resolved": "https://registry.npmjs.org/safe-buffer/-/safe-buffer-5.1.2.tgz",
      "integrity": "sha512-Gd2UZBJDkXlY7GbJxfsE8/nvKkUEU1G38c1siN6QP6a9PT9MmHB8GnpscSmMJSoF8LOIrt8ud/wPtojys4G6+g=="
    },
    "saml": {
      "version": "0.4.4",
      "resolved": "https://registry.npmjs.org/saml/-/saml-0.4.4.tgz",
      "integrity": "sha1-+JGbQrL00ssawjV+E9O/C5PhkPQ=",
      "dev": true,
      "requires": {
        "moment": "~1.7.2",
        "xml-crypto": "~0.0.17",
        "xmldom": "=0.1.15"
      },
      "dependencies": {
        "xml-crypto": {
          "version": "0.0.23",
          "resolved": "https://registry.npmjs.org/xml-crypto/-/xml-crypto-0.0.23.tgz",
          "integrity": "sha1-Ks6IWenr0O94zdjODaKTBvJplGA=",
          "dev": true,
          "requires": {
            "xmldom": "=0.1.16",
            "xmldom-fork-fixed": ">=0.0.1",
            "xpath.js": ">=0.0.3"
          },
          "dependencies": {
            "xmldom": {
              "version": "0.1.16",
              "resolved": "https://registry.npmjs.org/xmldom/-/xmldom-0.1.16.tgz",
              "integrity": "sha1-zyYCgysatcPmgT/KCP5wGWuhXow=",
              "dev": true
            }
          }
        },
        "xmldom": {
          "version": "0.1.15",
          "resolved": "https://registry.npmjs.org/xmldom/-/xmldom-0.1.15.tgz",
          "integrity": "sha1-swSAYvG91S7cQhQkRZ8G3O6y+U0=",
          "dev": true
        }
      }
    },
    "samlp": {
      "version": "0.4.8",
      "resolved": "https://registry.npmjs.org/samlp/-/samlp-0.4.8.tgz",
      "integrity": "sha1-mzNEVgmN6DZwlf52UxbUaBitUN8=",
      "dev": true,
      "requires": {
        "ejs": "~0.8.3",
        "saml": "~0.4.2",
        "thumbprint": "0.0.1",
        "xml-crypto": "0.0.13",
        "xmldom": "~0.1.15",
        "xpath": "0.0.5"
      },
      "dependencies": {
        "ejs": {
          "version": "0.8.8",
          "resolved": "https://registry.npmjs.org/ejs/-/ejs-0.8.8.tgz",
          "integrity": "sha1-/9xW3MNdApJt1QrRNDm7xUBh1Zg=",
          "dev": true
        },
        "xml-crypto": {
          "version": "0.0.13",
          "resolved": "https://registry.npmjs.org/xml-crypto/-/xml-crypto-0.0.13.tgz",
          "integrity": "sha1-bVCsTZ69UT45vMlZoEtKxc/DCFo=",
          "dev": true,
          "requires": {
            "xmldom": ">=0.1.8"
          }
        },
        "xmldom": {
          "version": "0.1.27",
          "resolved": "https://registry.npmjs.org/xmldom/-/xmldom-0.1.27.tgz",
          "integrity": "sha1-1QH5ezvbQDr4757MIFcxh6rawOk=",
          "dev": true
        }
      }
    },
    "sax": {
      "version": "1.2.4",
      "resolved": "https://registry.npmjs.org/sax/-/sax-1.2.4.tgz",
      "integrity": "sha512-NqVDv9TpANUjFm0N8uM5GxL36UgKi9/atZw+x7YFnQ8ckwFGKrl4xX4yWtrey3UJm5nP1kUbnYgLopqWNSRhWw=="
    },
    "send": {
      "version": "0.1.0",
      "resolved": "https://registry.npmjs.org/send/-/send-0.1.0.tgz",
      "integrity": "sha1-z7COvTzsm3/Bo32f+eh1qXHPRkA=",
      "dev": true,
      "requires": {
        "debug": "*",
        "fresh": "0.1.0",
        "mime": "1.2.6",
        "range-parser": "0.0.4"
      }
    },
    "should": {
      "version": "1.1.1",
      "resolved": "https://registry.npmjs.org/should/-/should-1.1.1.tgz",
      "integrity": "sha1-bVNCGv8bBnK8W7R1WgdWBvWOui0=",
      "dev": true
    },
    "string_decoder": {
      "version": "0.10.31",
      "resolved": "https://registry.npmjs.org/string_decoder/-/string_decoder-0.10.31.tgz",
      "integrity": "sha1-YuIDvEF2bGwoyfyEMB2rHFMQ+pQ=",
      "dev": true
    },
    "thumbprint": {
      "version": "0.0.1",
      "resolved": "https://registry.npmjs.org/thumbprint/-/thumbprint-0.0.1.tgz",
      "integrity": "sha1-VehvmpsU77RbFcA5ZF1HtiJrt3c=",
      "dev": true
    },
    "type-detect": {
      "version": "0.1.1",
      "resolved": "https://registry.npmjs.org/type-detect/-/type-detect-0.1.1.tgz",
      "integrity": "sha1-C6XsKohWQORw6k6FBZcZANrFiCI=",
      "dev": true
    },
    "uid2": {
      "version": "0.0.3",
      "resolved": "https://registry.npmjs.org/uid2/-/uid2-0.0.3.tgz",
      "integrity": "sha1-SDEm4Rd03y9xuLY53NeZw3YWK4I="
    },
    "valid-url": {
      "version": "1.0.9",
      "resolved": "https://registry.npmjs.org/valid-url/-/valid-url-1.0.9.tgz",
      "integrity": "sha1-HBRHm0DxOXp1eC8RXkCGRHQzogA="
    },
    "wsfed": {
      "version": "0.3.11",
      "resolved": "https://registry.npmjs.org/wsfed/-/wsfed-0.3.11.tgz",
      "integrity": "sha1-HpJgLqzj3gSsLEQ2xUVF0/5TQfw=",
      "dev": true,
      "requires": {
        "ejs": "~0.8.3",
        "saml": "~0.4.1",
        "thumbprint": "0.0.1"
      },
      "dependencies": {
        "ejs": {
          "version": "0.8.8",
          "resolved": "https://registry.npmjs.org/ejs/-/ejs-0.8.8.tgz",
          "integrity": "sha1-/9xW3MNdApJt1QrRNDm7xUBh1Zg=",
          "dev": true
        }
      }
    },
    "x509": {
      "version": "0.3.3",
      "resolved": "https://registry.npmjs.org/x509/-/x509-0.3.3.tgz",
      "integrity": "sha512-03sJu1FxG3cKM6xHqDiZqD2Y4yaf50ylPAT0yYpu2TFQ6SFdmiqK7v8pA3koXX8YV6Zdys8/AHCt2wwHGVS8Cg==",
      "requires": {
        "nan": "2.2.0"
      }
    },
    "xml-crypto": {
      "version": "github:auth0/xml-crypto#65fa1e22c5884e45135d0bacccb99ad11e900bf1",
      "from": "github:auth0/xml-crypto#fix-digest",
      "requires": {
        "xmldom": "=0.1.19",
        "xpath.js": ">=0.0.3"
      },
      "dependencies": {
        "xmldom": {
          "version": "0.1.19",
          "resolved": "https://registry.npmjs.org/xmldom/-/xmldom-0.1.19.tgz",
          "integrity": "sha1-Yx/Ad3bv2EEYvyUXGzftTQdaCrw="
        }
      }
    },
    "xml-encryption": {
      "version": "0.11.0",
      "resolved": "https://registry.npmjs.org/xml-encryption/-/xml-encryption-0.11.0.tgz",
      "integrity": "sha1-RYwst9AwD/YtMEx06z3tCMqXRWs=",
      "requires": {
        "async": "^2.1.5",
        "ejs": "^2.5.6",
        "node-forge": "^0.7.0",
        "xmldom": "~0.1.15",
        "xpath": "0.0.24"
      },
      "dependencies": {
        "ejs": {
          "version": "2.6.1",
          "resolved": "https://registry.npmjs.org/ejs/-/ejs-2.6.1.tgz",
          "integrity": "sha512-0xy4A/twfrRCnkhfk8ErDi5DqdAsAqeGxht4xkCUrsvhhbQNs7E+4jV0CN7+NKIY0aHE72+XvqtBIXzD31ZbXQ=="
        },
        "xmldom": {
          "version": "0.1.27",
          "resolved": "https://registry.npmjs.org/xmldom/-/xmldom-0.1.27.tgz",
          "integrity": "sha1-1QH5ezvbQDr4757MIFcxh6rawOk="
        },
        "xpath": {
          "version": "0.0.24",
          "resolved": "https://registry.npmjs.org/xpath/-/xpath-0.0.24.tgz",
          "integrity": "sha1-Gt4WLhzFI8jTn8fQavwW6iFvKfs="
        }
      }
    },
    "xml2js": {
      "version": "0.1.14",
      "resolved": "https://registry.npmjs.org/xml2js/-/xml2js-0.1.14.tgz",
      "integrity": "sha1-UnTmf1pkxfkpdM2FE54DMq3GuQw=",
      "requires": {
        "sax": ">=0.1.1"
      }
    },
    "xmldom": {
      "version": "github:auth0/xmldom#3376bc7beb5551bf68e12b0cc6b0e3669f77d392",
      "from": "github:auth0/xmldom#v0.1.19-auth0_1"
    },
    "xmldom-fork-fixed": {
      "version": "0.0.1",
      "resolved": "https://registry.npmjs.org/xmldom-fork-fixed/-/xmldom-fork-fixed-0.0.1.tgz",
      "integrity": "sha1-sM26FXpXnRtutHHJYVvI5RLFoos=",
      "dev": true
    },
    "xpath": {
      "version": "0.0.5",
      "resolved": "https://registry.npmjs.org/xpath/-/xpath-0.0.5.tgz",
      "integrity": "sha1-RUA29u8PPfWvXUukoRn7dWdLPmw="
    },
    "xpath.js": {
      "version": "1.1.0",
      "resolved": "https://registry.npmjs.org/xpath.js/-/xpath.js-1.1.0.tgz",
      "integrity": "sha512-jg+qkfS4K8E7965sqaUl8mRngXiKb3WZGfONgE18pr03FUQiuSV6G+Ej4tS55B+rIQSFEIw3phdVAQ4pPqNWfQ=="
    },
    "xtend": {
      "version": "2.0.6",
      "resolved": "https://registry.npmjs.org/xtend/-/xtend-2.0.6.tgz",
      "integrity": "sha1-XqZXptukRwacLlnFihE4ywxebO4=",
      "requires": {
        "is-object": "~0.1.2",
        "object-keys": "~0.2.0"
      }
    }
  }
}
