# THIS IS AN AUTOGENERATED FILE. DO NOT EDIT THIS FILE DIRECTLY.
# yarn lockfile v1


assertion-error@1.0.0:
  version "1.0.0"
  resolved "https://registry.yarnpkg.com/assertion-error/-/assertion-error-1.0.0.tgz#c7f85438fdd466bc7ca16ab90c81513797a5d23b"

async@^2.1.5:
  version "2.4.1"
  resolved "https://registry.yarnpkg.com/async/-/async-2.4.1.tgz#62a56b279c98a11d0987096a01cc3eeb8eb7bbd7"
  dependencies:
    lodash "^4.14.0"

async@~0.2.7:
  version "0.2.10"
  resolved "https://registry.yarnpkg.com/async/-/async-0.2.10.tgz#b6bbe0b0674b9d719708ca38de8c237cb526c3d1"

base64url@2.0.0, base64url@^2.0.0:
  version "2.0.0"
  resolved "https://registry.yarnpkg.com/base64url/-/base64url-2.0.0.tgz#eac16e03ea1438eff9423d69baa36262ed1f70bb"

boolbase@~1.0.0:
  version "1.0.0"
  resolved "https://registry.yarnpkg.com/boolbase/-/boolbase-1.0.0.tgz#68dff5fbe60c51eb37725ea9e3ed310dcc1e776e"

boom@0.4.x:
  version "0.4.2"
  resolved "https://registry.yarnpkg.com/boom/-/boom-0.4.2.tgz#7a636e9ded4efcefb19cef4947a3c67dfaee911b"
  dependencies:
    hoek "0.9.x"

buffer-crc32@0.1.1:
  version "0.1.1"
  resolved "https://registry.yarnpkg.com/buffer-crc32/-/buffer-crc32-0.1.1.tgz#7e110dc9953908ab7c32acdc70c9f945b1cbc526"

buffer-crc32@~0.2.1:
  version "0.2.13"
  resolved "https://registry.yarnpkg.com/buffer-crc32/-/buffer-crc32-0.2.13.tgz#0d333e3f00eac50aa1454abd30ef8c2a5d9a7242"

buffer-equal-constant-time@1.0.1:
  version "1.0.1"
  resolved "https://registry.yarnpkg.com/buffer-equal-constant-time/-/buffer-equal-constant-time-1.0.1.tgz#f8e71132f7ffe6e01a5c9697a4c6f3e48d5cc819"

bytes@0.2.0:
  version "0.2.0"
  resolved "https://registry.yarnpkg.com/bytes/-/bytes-0.2.0.tgz#aad33ec14e3dc2ca74e8e7d451f9ba053ad4f7a0"

chai-passport-strategy@1.x.x:
  version "1.0.0"
  resolved "https://registry.yarnpkg.com/chai-passport-strategy/-/chai-passport-strategy-1.0.0.tgz#b8ed610460455aa2e6f4f66858a426b792556481"

chai@2.x.x:
  version "2.3.0"
  resolved "https://registry.yarnpkg.com/chai/-/chai-2.3.0.tgz#8a2f6a34748da801090fd73287b2aa739a4e909a"
  dependencies:
    assertion-error "1.0.0"
    deep-eql "0.1.3"

cheerio@~0.19.0:
  version "0.19.0"
  resolved "https://registry.yarnpkg.com/cheerio/-/cheerio-0.19.0.tgz#772e7015f2ee29965096d71ea4175b75ab354925"
  dependencies:
    css-select "~1.0.0"
    dom-serializer "~0.1.0"
    entities "~1.1.1"
    htmlparser2 "~3.8.1"
    lodash "^3.2.0"

combined-stream@~0.0.4:
  version "0.0.7"
  resolved "https://registry.yarnpkg.com/combined-stream/-/combined-stream-0.0.7.tgz#0137e657baa5a7541c57ac37ac5fc07d73b4dc1f"
  dependencies:
    delayed-stream "0.0.5"

commander@0.6.1:
  version "0.6.1"
  resolved "https://registry.yarnpkg.com/commander/-/commander-0.6.1.tgz#fa68a14f6a945d54dbbe50d8cdb3320e9e3b1a06"

connect@2.7.5:
  version "2.7.5"
  resolved "https://registry.yarnpkg.com/connect/-/connect-2.7.5.tgz#139111b4b03f0533a524927a88a646ae467b2c02"
  dependencies:
    buffer-crc32 "0.1.1"
    bytes "0.2.0"
    cookie "0.0.5"
    cookie-signature "1.0.0"
    debug "*"
    formidable "1.0.11"
    fresh "0.1.0"
    pause "0.0.1"
    qs "0.5.1"
    send "0.1.0"

cookie-signature@1.0.0:
  version "1.0.0"
  resolved "https://registry.yarnpkg.com/cookie-signature/-/cookie-signature-1.0.0.tgz#0044f332ac623df851c914e88eacc57f0c9704fe"

cookie@0.0.5:
  version "0.0.5"
  resolved "https://registry.yarnpkg.com/cookie/-/cookie-0.0.5.tgz#f9acf9db57eb7568c9fcc596256b7bb22e307c81"

core-util-is@~1.0.0:
  version "1.0.2"
  resolved "https://registry.yarnpkg.com/core-util-is/-/core-util-is-1.0.2.tgz#b5fd54220aa2bc5ab57aab7140c940754503c1a7"

cryptiles@~0.2.2:
  version "0.2.2"
  resolved "https://registry.yarnpkg.com/cryptiles/-/cryptiles-0.2.2.tgz#ed91ff1f17ad13d3748288594f8a48a0d26f325c"
  dependencies:
    boom "0.4.x"

css-select@~1.0.0:
  version "1.0.0"
  resolved "https://registry.yarnpkg.com/css-select/-/css-select-1.0.0.tgz#b1121ca51848dd264e2244d058cee254deeb44b0"
  dependencies:
    boolbase "~1.0.0"
    css-what "1.0"
    domutils "1.4"
    nth-check "~1.0.0"

css-what@1.0:
  version "1.0.0"
  resolved "https://registry.yarnpkg.com/css-what/-/css-what-1.0.0.tgz#d7cc2df45180666f99d2b14462639469e00f736c"

debug@*:
  version "2.6.8"
  resolved "https://registry.yarnpkg.com/debug/-/debug-2.6.8.tgz#e731531ca2ede27d188222427da17821d68ff4fc"
  dependencies:
    ms "2.0.0"

deep-eql@0.1.3:
  version "0.1.3"
  resolved "https://registry.yarnpkg.com/deep-eql/-/deep-eql-0.1.3.tgz#ef558acab8de25206cd713906d74e56930eb69f2"
  dependencies:
    type-detect "0.1.1"

delayed-stream@0.0.5:
  version "0.0.5"
  resolved "https://registry.yarnpkg.com/delayed-stream/-/delayed-stream-0.0.5.tgz#d4b1f43a93e8296dfe02694f4680bc37a313c73f"

diff@1.0.2:
  version "1.0.2"
  resolved "https://registry.yarnpkg.com/diff/-/diff-1.0.2.tgz#4ae73f1aee8d6fcf484f1a1ce77ce651d9b7f0c9"

dom-serializer@0, dom-serializer@~0.1.0:
  version "0.1.0"
  resolved "https://registry.yarnpkg.com/dom-serializer/-/dom-serializer-0.1.0.tgz#073c697546ce0780ce23be4a28e293e40bc30c82"
  dependencies:
    domelementtype "~1.1.1"
    entities "~1.1.1"

domelementtype@1, domelementtype@~1.1.1:
  version "1.1.3"
  resolved "https://registry.yarnpkg.com/domelementtype/-/domelementtype-1.1.3.tgz#bd28773e2642881aec51544924299c5cd822185b"

domhandler@2.3:
  version "2.3.0"
  resolved "https://registry.yarnpkg.com/domhandler/-/domhandler-2.3.0.tgz#2de59a0822d5027fabff6f032c2b25a2a8abe738"
  dependencies:
    domelementtype "1"

domutils@1.4:
  version "1.4.3"
  resolved "https://registry.yarnpkg.com/domutils/-/domutils-1.4.3.tgz#0865513796c6b306031850e175516baf80b72a6f"
  dependencies:
    domelementtype "1"

domutils@1.5:
  version "1.5.1"
  resolved "https://registry.yarnpkg.com/domutils/-/domutils-1.5.1.tgz#dcd8488a26f563d61079e48c9f7b7e32373682cf"
  dependencies:
    dom-serializer "0"
    domelementtype "1"

ecdsa-sig-formatter@1.0.9:
  version "1.0.9"
  resolved "https://registry.yarnpkg.com/ecdsa-sig-formatter/-/ecdsa-sig-formatter-1.0.9.tgz#4bc926274ec3b5abb5016e7e1d60921ac262b2a1"
  dependencies:
    base64url "^2.0.0"
    safe-buffer "^5.0.1"

ejs@2.5.5:
  version "2.5.5"
  resolved "https://registry.yarnpkg.com/ejs/-/ejs-2.5.5.tgz#6ef4e954ea7dcf54f66aad2fe7aa421932d9ed77"

ejs@^2.5.6:
  version "2.5.6"
  resolved "https://registry.yarnpkg.com/ejs/-/ejs-2.5.6.tgz#479636bfa3fe3b1debd52087f0acb204b4f19c88"

ejs@~0.8.3:
  version "0.8.8"
  resolved "https://registry.yarnpkg.com/ejs/-/ejs-0.8.8.tgz#ffdc56dcc35d02926dd50ad13439bbc54061d598"

entities@1.0:
  version "1.0.0"
  resolved "https://registry.yarnpkg.com/entities/-/entities-1.0.0.tgz#b2987aa3821347fcde642b24fdfc9e4fb712bf26"

entities@~1.1.1:
  version "1.1.1"
  resolved "https://registry.yarnpkg.com/entities/-/entities-1.1.1.tgz#6e5c2d0a5621b5dadaecef80b90edfb5cd7772f0"

express@~3.1.0:
  version "3.1.2"
  resolved "https://registry.yarnpkg.com/express/-/express-3.1.2.tgz#52a02c8db8f22bbfa0d7478d847cd45161f985f7"
  dependencies:
    buffer-crc32 "~0.2.1"
    commander "0.6.1"
    connect "2.7.5"
    cookie "0.0.5"
    cookie-signature "1.0.0"
    debug "*"
    fresh "0.1.0"
    methods "0.0.1"
    mkdirp "~0.3.4"
    range-parser "0.0.4"
    send "0.1.0"

foreach@~2.0.1:
  version "2.0.5"
  resolved "https://registry.yarnpkg.com/foreach/-/foreach-2.0.5.tgz#0bee005018aeb260d0a3af3ae658dd0136ec1b99"

form-data@~0.0.3:
  version "0.0.10"
  resolved "https://registry.yarnpkg.com/form-data/-/form-data-0.0.10.tgz#db345a5378d86aeeb1ed5d553b869ac192d2f5ed"
  dependencies:
    async "~0.2.7"
    combined-stream "~0.0.4"
    mime "~1.2.2"

formidable@1.0.11:
  version "1.0.11"
  resolved "https://registry.yarnpkg.com/formidable/-/formidable-1.0.11.tgz#68f63325a035e644b6f7bb3d11243b9761de1b30"

fresh@0.1.0:
  version "0.1.0"
  resolved "https://registry.yarnpkg.com/fresh/-/fresh-0.1.0.tgz#03e4b0178424e4c2d5d19a54d8814cdc97934850"

growl@1.7.x:
  version "1.7.0"
  resolved "https://registry.yarnpkg.com/growl/-/growl-1.7.0.tgz#de2d66136d002e112ba70f3f10c31cf7c350b2da"

hoek@0.9.x:
  version "0.9.1"
  resolved "https://registry.yarnpkg.com/hoek/-/hoek-0.9.1.tgz#3d322462badf07716ea7eb85baf88079cddce505"

htmlparser2@~3.8.1:
  version "3.8.3"
  resolved "https://registry.yarnpkg.com/htmlparser2/-/htmlparser2-3.8.3.tgz#996c28b191516a8be86501a7d79757e5c70c1068"
  dependencies:
    domelementtype "1"
    domhandler "2.3"
    domutils "1.5"
    entities "1.0"
    readable-stream "1.1"

indexof@~0.0.1:
  version "0.0.1"
  resolved "https://registry.yarnpkg.com/indexof/-/indexof-0.0.1.tgz#82dc336d232b9062179d05ab3293a66059fd435d"

inherits@~2.0.1:
  version "2.0.3"
  resolved "https://registry.yarnpkg.com/inherits/-/inherits-2.0.3.tgz#633c2c83e3da42a502f52466022480f4208261de"

is-object@~0.1.2:
  version "0.1.2"
  resolved "https://registry.yarnpkg.com/is-object/-/is-object-0.1.2.tgz#00efbc08816c33cfc4ac8251d132e10dc65098d7"

is@~0.2.6:
  version "0.2.7"
  resolved "https://registry.yarnpkg.com/is/-/is-0.2.7.tgz#3b34a2c48f359972f35042849193ae7264b63562"

isarray@0.0.1:
  version "0.0.1"
  resolved "https://registry.yarnpkg.com/isarray/-/isarray-0.0.1.tgz#8a18acfca9a8f4177e09abfc6038939b05d1eedf"

jade@0.26.3:
  version "0.26.3"
  resolved "https://registry.yarnpkg.com/jade/-/jade-0.26.3.tgz#8f10d7977d8d79f2f6ff862a81b0513ccb25686c"
  dependencies:
    commander "0.6.1"
    mkdirp "0.3.0"

jsonwebtoken@~5.0.4:
  version "5.0.5"
  resolved "https://registry.yarnpkg.com/jsonwebtoken/-/jsonwebtoken-5.0.5.tgz#6592cc05ee03dd5ad9e03a910911a4da79afe0f8"
  dependencies:
    jws "^3.0.0"

jwa@^1.1.4:
  version "1.1.5"
  resolved "https://registry.yarnpkg.com/jwa/-/jwa-1.1.5.tgz#a0552ce0220742cd52e153774a32905c30e756e5"
  dependencies:
    base64url "2.0.0"
    buffer-equal-constant-time "1.0.1"
    ecdsa-sig-formatter "1.0.9"
    safe-buffer "^5.0.1"

jws@^3.0.0:
  version "3.1.4"
  resolved "https://registry.yarnpkg.com/jws/-/jws-3.1.4.tgz#f9e8b9338e8a847277d6444b1464f61880e050a2"
  dependencies:
    base64url "^2.0.0"
    jwa "^1.1.4"
    safe-buffer "^5.0.1"

lodash@^3.2.0:
  version "3.10.1"
  resolved "https://registry.yarnpkg.com/lodash/-/lodash-3.10.1.tgz#5bf45e8e49ba4189e17d482789dfd15bd140b7b6"

lodash@^4.14.0:
  version "4.17.4"
  resolved "https://registry.yarnpkg.com/lodash/-/lodash-4.17.4.tgz#78203a4d1c328ae1d86dca6460e369b57f4055ae"

methods@0.0.1:
  version "0.0.1"
  resolved "https://registry.yarnpkg.com/methods/-/methods-0.0.1.tgz#277c90f8bef39709645a8371c51c3b6c648e068c"

mime@1.2.6:
  version "1.2.6"
  resolved "https://registry.yarnpkg.com/mime/-/mime-1.2.6.tgz#b1f86c768c025fa87b48075f1709f28aeaf20365"

mime@~1.2.2, mime@~1.2.7:
  version "1.2.11"
  resolved "https://registry.yarnpkg.com/mime/-/mime-1.2.11.tgz#58203eed86e3a5ef17aed2b7d9ebd47f0a60dd10"

mkdirp@0.3.0:
  version "0.3.0"
  resolved "https://registry.yarnpkg.com/mkdirp/-/mkdirp-0.3.0.tgz#1bbf5ab1ba827af23575143490426455f481fe1e"

mkdirp@0.3.3:
  version "0.3.3"
  resolved "https://registry.yarnpkg.com/mkdirp/-/mkdirp-0.3.3.tgz#595e251c1370c3a68bab2136d0e348b8105adf13"

mkdirp@~0.3.4:
  version "0.3.5"
  resolved "https://registry.yarnpkg.com/mkdirp/-/mkdirp-0.3.5.tgz#de3e5f8961c88c787ee1368df849ac4413eca8d7"

mocha@~1.8.1:
  version "1.8.2"
  resolved "https://registry.yarnpkg.com/mocha/-/mocha-1.8.2.tgz#fb6b1d07d98f2eba418546844c3be0731f75e390"
  dependencies:
    commander "0.6.1"
    debug "*"
    diff "1.0.2"
    growl "1.7.x"
    jade "0.26.3"
    mkdirp "0.3.3"
    ms "0.3.0"

moment@~1.7.2:
  version "1.7.2"
  resolved "https://registry.yarnpkg.com/moment/-/moment-1.7.2.tgz#e66be344be2e9ec1d12f1e16a8ca49bf63417f4f"

ms@0.3.0:
  version "0.3.0"
  resolved "https://registry.yarnpkg.com/ms/-/ms-0.3.0.tgz#03edc348d613e66a56486cfdac53bcbe899cbd61"

ms@2.0.0:
  version "2.0.0"
  resolved "https://registry.yarnpkg.com/ms/-/ms-2.0.0.tgz#5608aeadfc00be6c2901df5f9861788de0d597c8"

node-forge@^0.7.0:
  version "0.7.1"
  resolved "https://registry.yarnpkg.com/node-forge/-/node-forge-0.7.1.tgz#9da611ea08982f4b94206b3beb4cc9665f20c300"

nth-check@~1.0.0:
  version "1.0.1"
  resolved "https://registry.yarnpkg.com/nth-check/-/nth-check-1.0.1.tgz#9929acdf628fc2c41098deab82ac580cf149aae4"
  dependencies:
    boolbase "~1.0.0"

object-keys@~0.2.0:
  version "0.2.0"
  resolved "https://registry.yarnpkg.com/object-keys/-/object-keys-0.2.0.tgz#cddec02998b091be42bf1035ae32e49f1cb6ea67"
  dependencies:
    foreach "~2.0.1"
    indexof "~0.0.1"
    is "~0.2.6"

passport-strategy@1.x.x, passport-strategy@^1.0.0:
  version "1.0.0"
  resolved "https://registry.yarnpkg.com/passport-strategy/-/passport-strategy-1.0.0.tgz#b5539aa8fc225a3d1ad179476ddf236b440f52e4"

passport@^0.3.2:
  version "0.3.2"
  resolved "https://registry.yarnpkg.com/passport/-/passport-0.3.2.tgz#9dd009f915e8fe095b0124a01b8f82da07510102"
  dependencies:
    passport-strategy "1.x.x"
    pause "0.0.1"

pause@0.0.1:
  version "0.0.1"
  resolved "https://registry.yarnpkg.com/pause/-/pause-0.0.1.tgz#1d408b3fdb76923b9543d96fb4c9dfd535d9cb5d"

qs@0.5.1:
  version "0.5.1"
  resolved "https://registry.yarnpkg.com/qs/-/qs-0.5.1.tgz#9f6bf5d9ac6c76384e95d36d15b48980e5e4add0"

range-parser@0.0.4:
  version "0.0.4"
  resolved "https://registry.yarnpkg.com/range-parser/-/range-parser-0.0.4.tgz#c0427ffef51c10acba0782a46c9602e744ff620b"

readable-stream@1.1:
  version "1.1.13"
  resolved "https://registry.yarnpkg.com/readable-stream/-/readable-stream-1.1.13.tgz#f6eef764f514c89e2b9e23146a75ba106756d23e"
  dependencies:
    core-util-is "~1.0.0"
    inherits "~2.0.1"
    isarray "0.0.1"
    string_decoder "~0.10.x"

request@~2.14.0:
  version "2.14.0"
  resolved "https://registry.yarnpkg.com/request/-/request-2.14.0.tgz#0d8acbb0b14c1ab82e000b7d381fa8c80d1a7d88"
  dependencies:
    form-data "~0.0.3"
    mime "~1.2.7"

safe-buffer@^5.0.1:
  version "5.0.1"
  resolved "https://registry.yarnpkg.com/safe-buffer/-/safe-buffer-5.0.1.tgz#d263ca54696cd8a306b5ca6551e92de57918fbe7"

saml@~0.4.1, saml@~0.4.2, saml@~0.4.4:
  version "0.4.4"
  resolved "https://registry.yarnpkg.com/saml/-/saml-0.4.4.tgz#f8919b42b2f4d2cb1ac2357e13d3bf0b93e190f4"
  dependencies:
    moment "~1.7.2"
    xml-crypto "~0.0.17"
    xmldom "=0.1.15"

samlp@~0.4.3:
  version "0.4.8"
  resolved "https://registry.yarnpkg.com/samlp/-/samlp-0.4.8.tgz#9b334456098de8367095fe765316d46818ad50df"
  dependencies:
    ejs "~0.8.3"
    saml "~0.4.2"
    thumbprint "0.0.1"
    xml-crypto "0.0.13"
    xmldom "~0.1.15"
    xpath "0.0.5"

sax@>=0.1.1:
  version "1.2.2"
  resolved "https://registry.yarnpkg.com/sax/-/sax-1.2.2.tgz#fd8631a23bc7826bef5d871bdb87378c95647828"

send@0.1.0:
  version "0.1.0"
  resolved "https://registry.yarnpkg.com/send/-/send-0.1.0.tgz#cfb08ebd3cec9b7fc1a37d9ff9e875a971cf4640"
  dependencies:
    debug "*"
    fresh "0.1.0"
    mime "1.2.6"
    range-parser "0.0.4"

should@~1.1.0:
  version "1.1.1"
  resolved "https://registry.yarnpkg.com/should/-/should-1.1.1.tgz#6d53421aff1b0672bc5bb4755a075606f58eba2d"

string_decoder@~0.10.x:
  version "0.10.31"
  resolved "https://registry.yarnpkg.com/string_decoder/-/string_decoder-0.10.31.tgz#62e203bc41766c6c28c9fc84301dab1c5310fa94"

thumbprint@0.0.1:
  version "0.0.1"
  resolved "https://registry.yarnpkg.com/thumbprint/-/thumbprint-0.0.1.tgz#55e86f9a9b14efb45b15c039645d47b6226bb777"

type-detect@0.1.1:
  version "0.1.1"
  resolved "https://registry.yarnpkg.com/type-detect/-/type-detect-0.1.1.tgz#0ba5ec2a885640e470ea4e8505971900dac58822"

uid2@0.0.x:
  version "0.0.3"
  resolved "https://registry.yarnpkg.com/uid2/-/uid2-0.0.3.tgz#483126e11774df2f71b8b639dcd799c376162b82"

wsfed@~0.3.5:
  version "0.3.11"
  resolved "https://registry.yarnpkg.com/wsfed/-/wsfed-0.3.11.tgz#1e92602eace3de04ac2c4436c54545d3fe5341fc"
  dependencies:
    ejs "~0.8.3"
    saml "~0.4.1"
    thumbprint "0.0.1"

xml-crypto@0.0.13:
  version "0.0.13"
  resolved "https://registry.yarnpkg.com/xml-crypto/-/xml-crypto-0.0.13.tgz#6d50ac4d9ebd513e39bcc959a04b4ac5cfc3085a"
  dependencies:
    xmldom ">=0.1.8"

"xml-crypto@https://github.com/auth0/xml-crypto/tarball/064dc3464669d2ce567a01bff7a4a073420dda6d":
  version "0.0.18"
  resolved "https://github.com/auth0/xml-crypto/tarball/064dc3464669d2ce567a01bff7a4a073420dda6d#3ebbd8aadf134276ea8547af0cfd4f7e7fa13d07"
  dependencies:
    xmldom "git+https://github.com/yaronn/xmldom.git"
    xpath.js ">=0.0.3"

xml-crypto@~0.0.17:
  version "0.0.23"
  resolved "https://registry.yarnpkg.com/xml-crypto/-/xml-crypto-0.0.23.tgz#2ace8859e9ebd0ef78cdd8ce0da29306f2699460"
  dependencies:
    xmldom "=0.1.16"
    xmldom-fork-fixed ">=0.0.1"
    xpath.js ">=0.0.3"

xml-encryption@0.11.0:
  version "0.11.0"
  resolved "https://registry.yarnpkg.com/xml-encryption/-/xml-encryption-0.11.0.tgz#458c2cb7d0300ff62d304c74eb3ded08ca97456b"
  dependencies:
    async "^2.1.5"
    ejs "^2.5.6"
    node-forge "^0.7.0"
    xmldom "~0.1.15"
    xpath "0.0.24"

xml2js@0.1.x:
  version "0.1.14"
  resolved "https://registry.yarnpkg.com/xml2js/-/xml2js-0.1.14.tgz#5274e67f5a64c5f92974cd85139e0332adc6b90c"
  dependencies:
    sax ">=0.1.1"

xmldom-fork-fixed@>=0.0.1:
  version "0.0.1"
  resolved "https://registry.yarnpkg.com/xmldom-fork-fixed/-/xmldom-fork-fixed-0.0.1.tgz#b0cdba157a579d1b6eb471c9615bc8e512c5a28b"

xmldom@=0.1.15:
  version "0.1.15"
  resolved "https://registry.yarnpkg.com/xmldom/-/xmldom-0.1.15.tgz#b3048062f1bdd52edc421424459f06dceeb2f94d"

xmldom@=0.1.16:
  version "0.1.16"
  resolved "https://registry.yarnpkg.com/xmldom/-/xmldom-0.1.16.tgz#cf2602832b1ab5c3e6813fca08fe70196ba15e8c"

xmldom@>=0.1.8, xmldom@~0.1.15:
  version "0.1.27"
  resolved "https://registry.yarnpkg.com/xmldom/-/xmldom-0.1.27.tgz#d501f97b3bdb403af8ef9ecc20573187aadac0e9"

"xmldom@git+https://github.com/yaronn/xmldom.git":
  version "0.1.16"
  resolved "git+https://github.com/yaronn/xmldom.git#68768a6a31f55b0737d7beb88807bc80146b2651"

"xmldom@https://github.com/auth0/xmldom/tarball/master":
  version "0.1.19"
  resolved "https://github.com/auth0/xmldom/tarball/master#62af710fc82d42956d8e6918bd1bacf85163cb37"

xpath.js@>=0.0.3:
  version "1.0.7"
  resolved "https://registry.yarnpkg.com/xpath.js/-/xpath.js-1.0.7.tgz#7e94627f541276cbc6a6b02b5d35e9418565b3e4"

xpath@0.0.24:
  version "0.0.24"
  resolved "https://registry.yarnpkg.com/xpath/-/xpath-0.0.24.tgz#1ade162e1cc523c8d39fc7d06afc16ea216f29fb"

xpath@0.0.5:
  version "0.0.5"
  resolved "https://registry.yarnpkg.com/xpath/-/xpath-0.0.5.tgz#454036f6ef0f3df5af5d4ba4a119fb75674b3e6c"

xtend@~2.0.3:
  version "2.0.6"
  resolved "https://registry.yarnpkg.com/xtend/-/xtend-2.0.6.tgz#5ea657a6dba447069c2e59c58a1138cb0c5e6cee"
  dependencies:
    is-object "~0.1.2"
    object-keys "~0.2.0"
